
Microsoft Visual Studio Solution File, Format Version 12.00
# Visual Studio Version 17
VisualStudioVersion = 17.10.35122.118
MinimumVisualStudioVersion = 10.0.40219.1
Project("{FAE04EC0-301F-11D3-BF4B-00C04F79EFBC}") = "CONFITEC-USUARIOS-API", "CONFITEC-USUARIOS-API\CONFITEC-USUARIOS-API.csproj", "{280C715B-351C-408F-8F3B-E4B37B919B76}"
EndProject
Global
	GlobalSection(SolutionConfigurationPlatforms) = preSolution
		Debug|Any CPU = Debug|Any CPU
		Release|Any CPU = Release|Any CPU
	EndGlobalSection
	GlobalSection(ProjectConfigurationPlatforms) = postSolution
		{280C715B-351C-408F-8F3B-E4B37B919B76}.Debug|Any CPU.ActiveCfg = Debug|Any CPU
		{280C715B-351C-408F-8F3B-E4B37B919B76}.Debug|Any CPU.Build.0 = Debug|Any CPU
		{280C715B-351C-408F-8F3B-E4B37B919B76}.Release|Any CPU.ActiveCfg = Release|Any CPU
		{280C715B-351C-408F-8F3B-E4B37B919B76}.Release|Any CPU.Build.0 = Release|Any CPU
	EndGlobalSection
	GlobalSection(SolutionProperties) = preSolution
		HideSolutionNode = FALSE
	EndGlobalSection
	GlobalSection(ExtensibilityGlobals) = postSolution
		SolutionGuid = {B03AC569-4E86-4E90-81AC-772BC5B82AC5}
	EndGlobalSection
EndGlobal
